{
  "name": "thunderbird-notification",
  "version": "0.0.1",
  "lockfileVersion": 3,
  "requires": true,
  "packages": {
    "": {
      "name": "thunderbird-notification",
      "version": "0.0.1",
      "license": "ISC",
      "devDependencies": {
        "@girs/gjs": "^3.2.3",
        "@girs/gnome-shell": "^3.0.0",
        "@girs/gtk-4.0": "^4.10.5-3.2.3",
        "@types/node": "^18.18.9",
        "adm-zip": "^0.5.10"
      }
    },
    "node_modules/@girs/atk-1.0": {
      "version": "2.45.1-3.2.2",
      "resolved": "https://registry.npmjs.org/@girs/atk-1.0/-/atk-1.0-2.45.1-3.2.2.tgz",
      "integrity": "sha512-+ba+w8s3CuIHBXNtfUtqbMy+lpa+SxY+ksu5i9QSINvKod6RHXSglXYiRAjKsP3nVyTc+FaF7ymYvqGbM42HHw==",
      "dev": true,
      "dependencies": {
        "@girs/gjs": "^3.2.2",
        "@girs/glib-2.0": "^2.77.0-3.2.2",
        "@girs/gobject-2.0": "^2.77.0-3.2.2"
      }
    },
    "node_modules/@girs/atk-1.0/node_modules/@girs/glib-2.0": {
      "version": "2.77.0-3.2.2",
      "resolved": "https://registry.npmjs.org/@girs/glib-2.0/-/glib-2.0-2.77.0-3.2.2.tgz",
      "integrity": "sha512-cFWgYKKBR58+er7MOYTFcws5MHEQUD74VaGUEBLUTjFh9EsyIXOOcaU+Z6cteObGDo9ZYdlr8RBAdKI8H18sqQ==",
      "dev": true,
      "dependencies": {
        "@girs/gjs": "^3.2.2",
        "@girs/gobject-2.0": "^2.77.0-3.2.2"
      }
    },
    "node_modules/@girs/atk-1.0/node_modules/@girs/gobject-2.0": {
      "version": "2.77.0-3.2.2",
      "resolved": "https://registry.npmjs.org/@girs/gobject-2.0/-/gobject-2.0-2.77.0-3.2.2.tgz",
      "integrity": "sha512-psnnFhNY+49SXzdTDpHwnySMTDtHYDP9rxMx1Xb1UVE1JaxwuI0YLrylt+Zv0boGczmwol8afxZw2Z9TnSSocg==",
      "dev": true,
      "dependencies": {
        "@girs/gjs": "^3.2.2",
        "@girs/glib-2.0": "^2.77.0-3.2.2"
      }
    },
    "node_modules/@girs/cairo-1.0": {
      "version": "1.0.0-3.2.4",
      "resolved": "https://registry.npmjs.org/@girs/cairo-1.0/-/cairo-1.0-1.0.0-3.2.4.tgz",
      "integrity": "sha512-ARZLYb6Q56YLso/z7KfYT5guesjnXjo/gtSEUjPm3ZJLketrQT9RG47x9ndEMXUKdm2OQvsy6NSogeC50tPvhg==",
      "dev": true,
      "dependencies": {
        "@girs/gjs": "^3.2.4",
        "@girs/glib-2.0": "^2.78.0-3.2.4",
        "@girs/gobject-2.0": "^2.78.0-3.2.4"
      }
    },
    "node_modules/@girs/cally-12": {
      "version": "12.0.0-3.2.4",
      "resolved": "https://registry.npmjs.org/@girs/cally-12/-/cally-12-12.0.0-3.2.4.tgz",
      "integrity": "sha512-q77zYAMcee/YHGfGT/DwmaUmL38TT6Cx6OoH/lOzPRIyfx9oSSb5mwrEDJBHx9m4REr6qN60hCPAJVzr7oJRaA==",
      "dev": true,
      "dependencies": {
        "@girs/atk-1.0": "^2.50.0-3.2.4",
        "@girs/cairo-1.0": "^1.0.0-3.2.4",
        "@girs/clutter-12": "^12.0.0-3.2.4",
        "@girs/cogl-12": "^12.0.0-3.2.4",
        "@girs/coglpango-12": "^12.0.0-3.2.4",
        "@girs/freetype2-2.0": "^2.0.0-3.2.4",
        "@girs/gio-2.0": "^2.78.0-3.2.4",
        "@girs/gjs": "^3.2.4",
        "@girs/gl-1.0": "^1.0.0-3.2.4",
        "@girs/glib-2.0": "^2.78.0-3.2.4",
        "@girs/gobject-2.0": "^2.78.0-3.2.4",
        "@girs/graphene-1.0": "^1.0.0-3.2.4",
        "@girs/harfbuzz-0.0": "^8.2.1-3.2.4",
        "@girs/json-1.0": "^1.7.1-3.2.4",
        "@girs/pango-1.0": "^1.51.0-3.2.4",
        "@girs/pangocairo-1.0": "^1.0.0-3.2.4"
      }
    },
    "node_modules/@girs/cally-12/node_modules/@girs/atk-1.0": {
      "version": "2.50.0-3.2.4",
      "resolved": "https://registry.npmjs.org/@girs/atk-1.0/-/atk-1.0-2.50.0-3.2.4.tgz",
      "integrity": "sha512-eSzmaSo+L4LC2IIQuNlWDzZlhSWx3hy8kjoAUBbISfLwcmxyilPuguyK0tkDOt5ixYAWeg108ZvMrVR36bYK9A==",
      "dev": true,
      "dependencies": {
        "@girs/gjs": "^3.2.4",
        "@girs/glib-2.0": "^2.78.0-3.2.4",
        "@girs/gobject-2.0": "^2.78.0-3.2.4"
      }
    },
    "node_modules/@girs/cally-12/node_modules/@girs/gio-2.0": {
      "version": "2.78.0-3.2.4",
      "resolved": "https://registry.npmjs.org/@girs/gio-2.0/-/gio-2.0-2.78.0-3.2.4.tgz",
      "integrity": "sha512-mtK9dYi647I6Ht03i8xpP2FYhosY0YwaGLJxCKknXKSUgd4EtNNRePoDBvGcBT5HL8TjQIDYzP3aTW+xPKS+/g==",
      "dev": true,
      "dependencies": {
        "@girs/gjs": "^3.2.4",
        "@girs/glib-2.0": "^2.78.0-3.2.4",
        "@girs/gobject-2.0": "^2.78.0-3.2.4"
      }
    },
    "node_modules/@girs/clutter-12": {
      "version": "12.0.0-3.2.4",
      "resolved": "https://registry.npmjs.org/@girs/clutter-12/-/clutter-12-12.0.0-3.2.4.tgz",
      "integrity": "sha512-QuO6szO6/ZgksOZq1RDBuK6nUua9+58auJRuqU4UvmoXz/UZtFysaOtaGnVTQWll+gWr+UFQNbAeVQ08kkvXTw==",
      "dev": true,
      "dependencies": {
        "@girs/atk-1.0": "^2.50.0-3.2.4",
        "@girs/cairo-1.0": "^1.0.0-3.2.4",
        "@girs/cogl-12": "^12.0.0-3.2.4",
        "@girs/coglpango-12": "^12.0.0-3.2.4",
        "@girs/freetype2-2.0": "^2.0.0-3.2.4",
        "@girs/gio-2.0": "^2.78.0-3.2.4",
        "@girs/gjs": "^3.2.4",
        "@girs/gl-1.0": "^1.0.0-3.2.4",
        "@girs/glib-2.0": "^2.78.0-3.2.4",
        "@girs/gobject-2.0": "^2.78.0-3.2.4",
        "@girs/graphene-1.0": "^1.0.0-3.2.4",
        "@girs/harfbuzz-0.0": "^8.2.1-3.2.4",
        "@girs/json-1.0": "^1.7.1-3.2.4",
        "@girs/pango-1.0": "^1.51.0-3.2.4",
        "@girs/pangocairo-1.0": "^1.0.0-3.2.4"
      }
    },
    "node_modules/@girs/clutter-12/node_modules/@girs/atk-1.0": {
      "version": "2.50.0-3.2.4",
      "resolved": "https://registry.npmjs.org/@girs/atk-1.0/-/atk-1.0-2.50.0-3.2.4.tgz",
      "integrity": "sha512-eSzmaSo+L4LC2IIQuNlWDzZlhSWx3hy8kjoAUBbISfLwcmxyilPuguyK0tkDOt5ixYAWeg108ZvMrVR36bYK9A==",
      "dev": true,
      "dependencies": {
        "@girs/gjs": "^3.2.4",
        "@girs/glib-2.0": "^2.78.0-3.2.4",
        "@girs/gobject-2.0": "^2.78.0-3.2.4"
      }
    },
    "node_modules/@girs/clutter-12/node_modules/@girs/gio-2.0": {
      "version": "2.78.0-3.2.4",
      "resolved": "https://registry.npmjs.org/@girs/gio-2.0/-/gio-2.0-2.78.0-3.2.4.tgz",
      "integrity": "sha512-mtK9dYi647I6Ht03i8xpP2FYhosY0YwaGLJxCKknXKSUgd4EtNNRePoDBvGcBT5HL8TjQIDYzP3aTW+xPKS+/g==",
      "dev": true,
      "dependencies": {
        "@girs/gjs": "^3.2.4",
        "@girs/glib-2.0": "^2.78.0-3.2.4",
        "@girs/gobject-2.0": "^2.78.0-3.2.4"
      }
    },
    "node_modules/@girs/cogl-12": {
      "version": "12.0.0-3.2.4",
      "resolved": "https://registry.npmjs.org/@girs/cogl-12/-/cogl-12-12.0.0-3.2.4.tgz",
      "integrity": "sha512-h5xAion3FxZRkiS6Jjfdnsc7RkPAd1UNMR21JlN6Puo/IjMNIKeN+4NMLtYHXCjUT5r7LF/oxtz9OStLXq8U3g==",
      "dev": true,
      "dependencies": {
        "@girs/cairo-1.0": "^1.0.0-3.2.4",
        "@girs/gjs": "^3.2.4",
        "@girs/gl-1.0": "^1.0.0-3.2.4",
        "@girs/glib-2.0": "^2.78.0-3.2.4",
        "@girs/gobject-2.0": "^2.78.0-3.2.4",
        "@girs/graphene-1.0": "^1.0.0-3.2.4"
      }
    },
    "node_modules/@girs/cogl-2.0": {
      "version": "2.0.0-3.2.4",
      "resolved": "https://registry.npmjs.org/@girs/cogl-2.0/-/cogl-2.0-2.0.0-3.2.4.tgz",
      "integrity": "sha512-LH/RsK4RMbjeuE5z6djrCyl38TDjLcfIxpaKI+oeLUqTEsmXxNKGbG3EwD4WBqdgGJBSQX8Q1+oef6ESAYdDZQ==",
      "dev": true,
      "dependencies": {
        "@girs/gjs": "^3.2.4",
        "@girs/gl-1.0": "^1.0.0-3.2.4",
        "@girs/glib-2.0": "^2.78.0-3.2.4",
        "@girs/gobject-2.0": "^2.78.0-3.2.4"
      }
    },
    "node_modules/@girs/coglpango-12": {
      "version": "12.0.0-3.2.4",
      "resolved": "https://registry.npmjs.org/@girs/coglpango-12/-/coglpango-12-12.0.0-3.2.4.tgz",
      "integrity": "sha512-oAKDH2ih3Xy1FZ91sPq/m9Oab2h05tSkHWncrZI9SNy0xEyWg0JPGD+Cmu24NFLazTsK4WNjaKQsfmldjmvLnA==",
      "dev": true,
      "dependencies": {
        "@girs/cairo-1.0": "^1.0.0-3.2.4",
        "@girs/cogl-12": "^12.0.0-3.2.4",
        "@girs/freetype2-2.0": "^2.0.0-3.2.4",
        "@girs/gio-2.0": "^2.78.0-3.2.4",
        "@girs/gjs": "^3.2.4",
        "@girs/gl-1.0": "^1.0.0-3.2.4",
        "@girs/glib-2.0": "^2.78.0-3.2.4",
        "@girs/gobject-2.0": "^2.78.0-3.2.4",
        "@girs/graphene-1.0": "^1.0.0-3.2.4",
        "@girs/harfbuzz-0.0": "^8.2.1-3.2.4",
        "@girs/pango-1.0": "^1.51.0-3.2.4",
        "@girs/pangocairo-1.0": "^1.0.0-3.2.4"
      }
    },
    "node_modules/@girs/coglpango-12/node_modules/@girs/gio-2.0": {
      "version": "2.78.0-3.2.4",
      "resolved": "https://registry.npmjs.org/@girs/gio-2.0/-/gio-2.0-2.78.0-3.2.4.tgz",
      "integrity": "sha512-mtK9dYi647I6Ht03i8xpP2FYhosY0YwaGLJxCKknXKSUgd4EtNNRePoDBvGcBT5HL8TjQIDYzP3aTW+xPKS+/g==",
      "dev": true,
      "dependencies": {
        "@girs/gjs": "^3.2.4",
        "@girs/glib-2.0": "^2.78.0-3.2.4",
        "@girs/gobject-2.0": "^2.78.0-3.2.4"
      }
    },
    "node_modules/@girs/freetype2-2.0": {
      "version": "2.0.0-3.2.4",
      "resolved": "https://registry.npmjs.org/@girs/freetype2-2.0/-/freetype2-2.0-2.0.0-3.2.4.tgz",
      "integrity": "sha512-PJ4fhoXxkg47Wzp4O1VzUtoKO92sbPKLGN65K1L7Edt35bqfiwwoXuVoB5OdJiDY1fHxzib8jngoza8yMiQ48w==",
      "dev": true,
      "dependencies": {
        "@girs/gjs": "^3.2.4",
        "@girs/gobject-2.0": "^2.78.0-3.2.4"
      }
    },
    "node_modules/@girs/gck-2": {
      "version": "4.0.0-3.1.0",
      "resolved": "https://registry.npmjs.org/@girs/gck-2/-/gck-2-4.0.0-3.1.0.tgz",
      "integrity": "sha512-uwVgWgmNlKyux2fNA6IPIuaZTZekr+7/FLrgTjZ+Pql7KPjnQlZncj41+Qlh7ajDHjNcvKT8z4gE7IoXFAA5gg==",
      "dev": true,
      "dependencies": {
        "@girs/gio-2.0": "^2.76.1-3.1.0",
        "@girs/gjs": "^3.1.0",
        "@girs/glib-2.0": "^2.76.1-3.1.0",
        "@girs/gobject-2.0": "^2.76.1-3.1.0"
      }
    },
    "node_modules/@girs/gck-2/node_modules/@girs/glib-2.0": {
      "version": "2.76.1-3.2.3",
      "resolved": "https://registry.npmjs.org/@girs/glib-2.0/-/glib-2.0-2.76.1-3.2.3.tgz",
      "integrity": "sha512-pY/ZE2WPco9E8Cz5+wTqxEOdVpipEQBRDJXVd/KQCoRjTSvgoMLLEE8B84W0LgOgR8ns99XtGZrf0U0y4qFqyA==",
      "dev": true,
      "dependencies": {
        "@girs/gjs": "^3.2.3",
        "@girs/gobject-2.0": "^2.76.1-3.2.3"
      }
    },
    "node_modules/@girs/gck-2/node_modules/@girs/gobject-2.0": {
      "version": "2.76.1-3.2.3",
      "resolved": "https://registry.npmjs.org/@girs/gobject-2.0/-/gobject-2.0-2.76.1-3.2.3.tgz",
      "integrity": "sha512-9X35d1ZRO4xY9b0iOm51MwjfbgvOGQtNs2A9IWcSlaoI4LB5mCRlPlQ1UFhpqcbbmdrL+Cce/0p3F36x5rn/dg==",
      "dev": true,
      "dependencies": {
        "@girs/gjs": "^3.2.3",
        "@girs/glib-2.0": "^2.76.1-3.2.3"
      }
    },
    "node_modules/@girs/gcr-4": {
      "version": "4.0.0-3.1.0",
      "resolved": "https://registry.npmjs.org/@girs/gcr-4/-/gcr-4-4.0.0-3.1.0.tgz",
      "integrity": "sha512-qyyVrTkjfIC/oYzE5jRgCbDSGxzL7SMrgBo5XTVMMDoefm6l6t1hfAPhiPySNe6FZcGAgPGpJkfWIsdrfQ66zA==",
      "dev": true,
      "dependencies": {
        "@girs/gck-2": "^4.0.0-3.1.0",
        "@girs/gio-2.0": "^2.76.1-3.1.0",
        "@girs/gjs": "^3.1.0",
        "@girs/glib-2.0": "^2.76.1-3.1.0",
        "@girs/gobject-2.0": "^2.76.1-3.1.0"
      }
    },
    "node_modules/@girs/gcr-4/node_modules/@girs/glib-2.0": {
      "version": "2.76.1-3.2.3",
      "resolved": "https://registry.npmjs.org/@girs/glib-2.0/-/glib-2.0-2.76.1-3.2.3.tgz",
      "integrity": "sha512-pY/ZE2WPco9E8Cz5+wTqxEOdVpipEQBRDJXVd/KQCoRjTSvgoMLLEE8B84W0LgOgR8ns99XtGZrf0U0y4qFqyA==",
      "dev": true,
      "dependencies": {
        "@girs/gjs": "^3.2.3",
        "@girs/gobject-2.0": "^2.76.1-3.2.3"
      }
    },
    "node_modules/@girs/gcr-4/node_modules/@girs/gobject-2.0": {
      "version": "2.76.1-3.2.3",
      "resolved": "https://registry.npmjs.org/@girs/gobject-2.0/-/gobject-2.0-2.76.1-3.2.3.tgz",
      "integrity": "sha512-9X35d1ZRO4xY9b0iOm51MwjfbgvOGQtNs2A9IWcSlaoI4LB5mCRlPlQ1UFhpqcbbmdrL+Cce/0p3F36x5rn/dg==",
      "dev": true,
      "dependencies": {
        "@girs/gjs": "^3.2.3",
        "@girs/glib-2.0": "^2.76.1-3.2.3"
      }
    },
    "node_modules/@girs/gdesktopenums-3.0": {
      "version": "3.0.0-3.2.4",
      "resolved": "https://registry.npmjs.org/@girs/gdesktopenums-3.0/-/gdesktopenums-3.0-3.0.0-3.2.4.tgz",
      "integrity": "sha512-ZeFOH+gCFf9XQ8h3x7Nh6UkbP5/YkyIVXsF4rqvEtBBMkTMpYtwVbnAoS5rEVyrFnlRFxwQrOaw15i8G2nxRuw==",
      "dev": true,
      "dependencies": {
        "@girs/gjs": "^3.2.4",
        "@girs/gobject-2.0": "^2.78.0-3.2.4"
      }
    },
    "node_modules/@girs/gdk-4.0": {
      "version": "4.0.0-3.2.4",
      "resolved": "https://registry.npmjs.org/@girs/gdk-4.0/-/gdk-4.0-4.0.0-3.2.4.tgz",
      "integrity": "sha512-kUo/kgQFMa75hWbMpzEWfwBs39LhPnX9MKFnhUVCAnVJ92UjqSK1K/bJ8m4G7mCgqSLrqe5C1We0VG5/EJzN2w==",
      "dev": true,
      "dependencies": {
        "@girs/cairo-1.0": "^1.0.0-3.2.4",
        "@girs/freetype2-2.0": "^2.0.0-3.2.4",
        "@girs/gdkpixbuf-2.0": "^2.0.0-3.2.4",
        "@girs/gio-2.0": "^2.78.0-3.2.4",
        "@girs/gjs": "^3.2.4",
        "@girs/glib-2.0": "^2.78.0-3.2.4",
        "@girs/gmodule-2.0": "^2.0.0-3.2.4",
        "@girs/gobject-2.0": "^2.78.0-3.2.4",
        "@girs/harfbuzz-0.0": "^8.2.1-3.2.4",
        "@girs/pango-1.0": "^1.51.0-3.2.4",
        "@girs/pangocairo-1.0": "^1.0.0-3.2.4"
      }
    },
    "node_modules/@girs/gdk-4.0/node_modules/@girs/gio-2.0": {
      "version": "2.78.0-3.2.4",
      "resolved": "https://registry.npmjs.org/@girs/gio-2.0/-/gio-2.0-2.78.0-3.2.4.tgz",
      "integrity": "sha512-mtK9dYi647I6Ht03i8xpP2FYhosY0YwaGLJxCKknXKSUgd4EtNNRePoDBvGcBT5HL8TjQIDYzP3aTW+xPKS+/g==",
      "dev": true,
      "dependencies": {
        "@girs/gjs": "^3.2.4",
        "@girs/glib-2.0": "^2.78.0-3.2.4",
        "@girs/gobject-2.0": "^2.78.0-3.2.4"
      }
    },
    "node_modules/@girs/gdkpixbuf-2.0": {
      "version": "2.0.0-3.2.4",
      "resolved": "https://registry.npmjs.org/@girs/gdkpixbuf-2.0/-/gdkpixbuf-2.0-2.0.0-3.2.4.tgz",
      "integrity": "sha512-i/UJpoQVyXQ30Oo3bZbgbhrSzfPKLZk2VmtJm+Rr2X7PQvY7WRslGdU1mrvH7bot4yIgp6Y0WWzoIksPxrAcTQ==",
      "dev": true,
      "dependencies": {
        "@girs/gio-2.0": "^2.78.0-3.2.4",
        "@girs/gjs": "^3.2.4",
        "@girs/glib-2.0": "^2.78.0-3.2.4",
        "@girs/gmodule-2.0": "^2.0.0-3.2.4",
        "@girs/gobject-2.0": "^2.78.0-3.2.4"
      }
    },
    "node_modules/@girs/gdkpixbuf-2.0/node_modules/@girs/gio-2.0": {
      "version": "2.78.0-3.2.4",
      "resolved": "https://registry.npmjs.org/@girs/gio-2.0/-/gio-2.0-2.78.0-3.2.4.tgz",
      "integrity": "sha512-mtK9dYi647I6Ht03i8xpP2FYhosY0YwaGLJxCKknXKSUgd4EtNNRePoDBvGcBT5HL8TjQIDYzP3aTW+xPKS+/g==",
      "dev": true,
      "dependencies": {
        "@girs/gjs": "^3.2.4",
        "@girs/glib-2.0": "^2.78.0-3.2.4",
        "@girs/gobject-2.0": "^2.78.0-3.2.4"
      }
    },
    "node_modules/@girs/gio-2.0": {
      "version": "2.76.1-3.2.3",
      "resolved": "https://registry.npmjs.org/@girs/gio-2.0/-/gio-2.0-2.76.1-3.2.3.tgz",
      "integrity": "sha512-6SK2z2YsZrxdoumXW7taI1S2HIBvWcFoKWAot0A5coMskJOnt6HnNxIMTBbN5YhkOs855YHqfaLYeNNU3Y3M2A==",
      "dev": true,
      "dependencies": {
        "@girs/gjs": "^3.2.3",
        "@girs/glib-2.0": "^2.76.1-3.2.3",
        "@girs/gobject-2.0": "^2.76.1-3.2.3"
      }
    },
    "node_modules/@girs/gio-2.0/node_modules/@girs/glib-2.0": {
      "version": "2.76.1-3.2.3",
      "resolved": "https://registry.npmjs.org/@girs/glib-2.0/-/glib-2.0-2.76.1-3.2.3.tgz",
      "integrity": "sha512-pY/ZE2WPco9E8Cz5+wTqxEOdVpipEQBRDJXVd/KQCoRjTSvgoMLLEE8B84W0LgOgR8ns99XtGZrf0U0y4qFqyA==",
      "dev": true,
      "dependencies": {
        "@girs/gjs": "^3.2.3",
        "@girs/gobject-2.0": "^2.76.1-3.2.3"
      }
    },
    "node_modules/@girs/gio-2.0/node_modules/@girs/gobject-2.0": {
      "version": "2.76.1-3.2.3",
      "resolved": "https://registry.npmjs.org/@girs/gobject-2.0/-/gobject-2.0-2.76.1-3.2.3.tgz",
      "integrity": "sha512-9X35d1ZRO4xY9b0iOm51MwjfbgvOGQtNs2A9IWcSlaoI4LB5mCRlPlQ1UFhpqcbbmdrL+Cce/0p3F36x5rn/dg==",
      "dev": true,
      "dependencies": {
        "@girs/gjs": "^3.2.3",
        "@girs/glib-2.0": "^2.76.1-3.2.3"
      }
    },
    "node_modules/@girs/gjs": {
      "version": "3.2.4",
      "resolved": "https://registry.npmjs.org/@girs/gjs/-/gjs-3.2.4.tgz",
      "integrity": "sha512-I9trkfeTj/DKv+PEonjXElOWmQpKqkIGDgpiD8OrpA88xjNEKMLXzJDNA+A7QGDq+DMJjm2VzSQQP03ovazutQ==",
      "dev": true,
      "dependencies": {
        "@girs/glib-2.0": "^2.78.0-3.2.4",
        "@girs/gobject-2.0": "^2.78.0-3.2.4"
      }
    },
    "node_modules/@girs/gl-1.0": {
      "version": "1.0.0-3.2.4",
      "resolved": "https://registry.npmjs.org/@girs/gl-1.0/-/gl-1.0-1.0.0-3.2.4.tgz",
      "integrity": "sha512-/6kfQ3qmnzKuUra3Bbmtg5mU/oJPbp7ha08NMMB6LeXLRAv9BNLYLzS9I+EtgGES3DzvpmWALu3wkkZ5cJ5Wgg==",
      "dev": true,
      "dependencies": {
        "@girs/gjs": "^3.2.4",
        "@girs/gobject-2.0": "^2.78.0-3.2.4"
      }
    },
    "node_modules/@girs/glib-2.0": {
      "version": "2.78.0-3.2.4",
      "resolved": "https://registry.npmjs.org/@girs/glib-2.0/-/glib-2.0-2.78.0-3.2.4.tgz",
      "integrity": "sha512-oTMaeyGMZK+vUo/MuIHazVTEmCulVBq2yxu82CgvnE/38nxWPxWWCWuO2ATTVOHqvdDeScBv0cZq6O3LJsrllw==",
      "dev": true,
      "dependencies": {
        "@girs/gjs": "^3.2.4",
        "@girs/gobject-2.0": "^2.78.0-3.2.4"
      }
    },
    "node_modules/@girs/gmodule-2.0": {
      "version": "2.0.0-3.2.4",
      "resolved": "https://registry.npmjs.org/@girs/gmodule-2.0/-/gmodule-2.0-2.0.0-3.2.4.tgz",
      "integrity": "sha512-l6kKXiP8S8ItRCulCBQWL0tXfcY7tIPi6DwLlFmek4Bv+o4KxFGA6V5KjiX/ubButJdR3HNOgxIUc17ZWS9ngw==",
      "dev": true,
      "dependencies": {
        "@girs/gjs": "^3.2.4",
        "@girs/glib-2.0": "^2.78.0-3.2.4",
        "@girs/gobject-2.0": "^2.78.0-3.2.4"
      }
    },
    "node_modules/@girs/gnome-shell": {
      "version": "3.0.0",
      "resolved": "https://registry.npmjs.org/@girs/gnome-shell/-/gnome-shell-3.0.0.tgz",
      "integrity": "sha512-I1BVcvj+0TymAcpk9YsQSqwJvWgUoKxZySbJKCh/mBsKJfGlZhiBGH/HSyHGbA2Tf5Z99G3+kJv0qYSk43eGMg==",
      "dev": true,
      "dependencies": {
        "@girs/atk-1.0": "^2.45.1-3.0.0",
        "@girs/cally-12": "^12.0.0-3.0.0",
        "@girs/clutter-12": "^12.0.0-3.0.0",
        "@girs/cogl-2.0": "^2.0.0-3.0.0",
        "@girs/gcr-4": "^4.0.0-3.0.0",
        "@girs/gio-2.0": "^2.76.1-3.0.0",
        "@girs/gjs": "^3.0.0",
        "@girs/glib-2.0": "^2.76.1-3.0.0",
        "@girs/gnomebg-4.0": "^4.0.0-3.0.0",
        "@girs/gnomedesktop-4.0": "^4.0.0-3.0.0",
        "@girs/gobject-2.0": "^2.76.1-3.0.0",
        "@girs/meta-12": "^12.0.0-3.0.0",
        "@girs/shell-12": "^12.0.0-3.0.0",
        "@girs/shew-0": "^0.0.0-3.0.0",
        "@girs/st-12": "^12.0.0-3.0.0"
      }
    },
    "node_modules/@girs/gnome-shell/node_modules/@girs/glib-2.0": {
      "version": "2.76.1-3.2.3",
      "resolved": "https://registry.npmjs.org/@girs/glib-2.0/-/glib-2.0-2.76.1-3.2.3.tgz",
      "integrity": "sha512-pY/ZE2WPco9E8Cz5+wTqxEOdVpipEQBRDJXVd/KQCoRjTSvgoMLLEE8B84W0LgOgR8ns99XtGZrf0U0y4qFqyA==",
      "dev": true,
      "dependencies": {
        "@girs/gjs": "^3.2.3",
        "@girs/gobject-2.0": "^2.76.1-3.2.3"
      }
    },
    "node_modules/@girs/gnome-shell/node_modules/@girs/gobject-2.0": {
      "version": "2.76.1-3.2.3",
      "resolved": "https://registry.npmjs.org/@girs/gobject-2.0/-/gobject-2.0-2.76.1-3.2.3.tgz",
      "integrity": "sha512-9X35d1ZRO4xY9b0iOm51MwjfbgvOGQtNs2A9IWcSlaoI4LB5mCRlPlQ1UFhpqcbbmdrL+Cce/0p3F36x5rn/dg==",
      "dev": true,
      "dependencies": {
        "@girs/gjs": "^3.2.3",
        "@girs/glib-2.0": "^2.76.1-3.2.3"
      }
    },
    "node_modules/@girs/gnomebg-4.0": {
      "version": "4.0.0-3.2.4",
      "resolved": "https://registry.npmjs.org/@girs/gnomebg-4.0/-/gnomebg-4.0-4.0.0-3.2.4.tgz",
      "integrity": "sha512-VWKkRA8da86POgG5vMu0BOnRdLtvCKZciaPtJHv/Hzt7XP8dspt5KTHpnfL+9cY+6OE2XnmfmmA3vxMpx5MeDQ==",
      "dev": true,
      "dependencies": {
        "@girs/cairo-1.0": "^1.0.0-3.2.4",
        "@girs/freetype2-2.0": "^2.0.0-3.2.4",
        "@girs/gdesktopenums-3.0": "^3.0.0-3.2.4",
        "@girs/gdk-4.0": "^4.0.0-3.2.4",
        "@girs/gdkpixbuf-2.0": "^2.0.0-3.2.4",
        "@girs/gio-2.0": "^2.78.0-3.2.4",
        "@girs/gjs": "^3.2.4",
        "@girs/glib-2.0": "^2.78.0-3.2.4",
        "@girs/gmodule-2.0": "^2.0.0-3.2.4",
        "@girs/gnomedesktop-4.0": "^4.0.0-3.2.4",
        "@girs/gobject-2.0": "^2.78.0-3.2.4",
        "@girs/harfbuzz-0.0": "^8.2.1-3.2.4",
        "@girs/pango-1.0": "^1.51.0-3.2.4",
        "@girs/pangocairo-1.0": "^1.0.0-3.2.4"
      }
    },
    "node_modules/@girs/gnomebg-4.0/node_modules/@girs/gio-2.0": {
      "version": "2.78.0-3.2.4",
      "resolved": "https://registry.npmjs.org/@girs/gio-2.0/-/gio-2.0-2.78.0-3.2.4.tgz",
      "integrity": "sha512-mtK9dYi647I6Ht03i8xpP2FYhosY0YwaGLJxCKknXKSUgd4EtNNRePoDBvGcBT5HL8TjQIDYzP3aTW+xPKS+/g==",
      "dev": true,
      "dependencies": {
        "@girs/gjs": "^3.2.4",
        "@girs/glib-2.0": "^2.78.0-3.2.4",
        "@girs/gobject-2.0": "^2.78.0-3.2.4"
      }
    },
    "node_modules/@girs/gnomedesktop-4.0": {
      "version": "4.0.0-3.2.4",
      "resolved": "https://registry.npmjs.org/@girs/gnomedesktop-4.0/-/gnomedesktop-4.0-4.0.0-3.2.4.tgz",
      "integrity": "sha512-hMIPtgK4OEHWNb8P6X3vKRUftMaU6mWWAeaVWJXwAfluGKr+pfJy2PuVjb/fUq0Ye6R4H+urPEFE/1GVXa+tDA==",
      "dev": true,
      "dependencies": {
        "@girs/gdesktopenums-3.0": "^3.0.0-3.2.4",
        "@girs/gdkpixbuf-2.0": "^2.0.0-3.2.4",
        "@girs/gio-2.0": "^2.78.0-3.2.4",
        "@girs/gjs": "^3.2.4",
        "@girs/glib-2.0": "^2.78.0-3.2.4",
        "@girs/gmodule-2.0": "^2.0.0-3.2.4",
        "@girs/gobject-2.0": "^2.78.0-3.2.4"
      }
    },
    "node_modules/@girs/gnomedesktop-4.0/node_modules/@girs/gio-2.0": {
      "version": "2.78.0-3.2.4",
      "resolved": "https://registry.npmjs.org/@girs/gio-2.0/-/gio-2.0-2.78.0-3.2.4.tgz",
      "integrity": "sha512-mtK9dYi647I6Ht03i8xpP2FYhosY0YwaGLJxCKknXKSUgd4EtNNRePoDBvGcBT5HL8TjQIDYzP3aTW+xPKS+/g==",
      "dev": true,
      "dependencies": {
        "@girs/gjs": "^3.2.4",
        "@girs/glib-2.0": "^2.78.0-3.2.4",
        "@girs/gobject-2.0": "^2.78.0-3.2.4"
      }
    },
    "node_modules/@girs/gobject-2.0": {
      "version": "2.78.0-3.2.4",
      "resolved": "https://registry.npmjs.org/@girs/gobject-2.0/-/gobject-2.0-2.78.0-3.2.4.tgz",
      "integrity": "sha512-72hy5TZkVyEVK7AQrf0JNmSc107XV/oRgQanbfl4x3HoEljq3NXkvM2VBgFrjDOLnFyq4V/GcR39SMas6zX/Xw==",
      "dev": true,
      "dependencies": {
        "@girs/gjs": "^3.2.4",
        "@girs/glib-2.0": "^2.78.0-3.2.4"
      }
    },
    "node_modules/@girs/graphene-1.0": {
      "version": "1.0.0-3.2.4",
      "resolved": "https://registry.npmjs.org/@girs/graphene-1.0/-/graphene-1.0-1.0.0-3.2.4.tgz",
      "integrity": "sha512-pkf0NYMqeyCMoI8KZnlgVYeKE4cQwfvj1Sg5/2aWXExaBEiOUSFvwCFgYy5In2uLL7qcN3eH9IpmorUVgtK/rA==",
      "dev": true,
      "dependencies": {
        "@girs/gjs": "^3.2.4",
        "@girs/glib-2.0": "^2.78.0-3.2.4",
        "@girs/gobject-2.0": "^2.78.0-3.2.4"
      }
    },
    "node_modules/@girs/gsk-4.0": {
      "version": "4.0.0-3.2.4",
      "resolved": "https://registry.npmjs.org/@girs/gsk-4.0/-/gsk-4.0-4.0.0-3.2.4.tgz",
      "integrity": "sha512-ziA98J2M0q7jhPLsNepOrh5UM3uS46S55ReJ/oii68XUOssGfWgx5ytLNoZyCW1uhQodVUZKYISKfPEVIMM03A==",
      "dev": true,
      "dependencies": {
        "@girs/cairo-1.0": "^1.0.0-3.2.4",
        "@girs/freetype2-2.0": "^2.0.0-3.2.4",
        "@girs/gdk-4.0": "^4.0.0-3.2.4",
        "@girs/gdkpixbuf-2.0": "^2.0.0-3.2.4",
        "@girs/gio-2.0": "^2.78.0-3.2.4",
        "@girs/gjs": "^3.2.4",
        "@girs/glib-2.0": "^2.78.0-3.2.4",
        "@girs/gmodule-2.0": "^2.0.0-3.2.4",
        "@girs/gobject-2.0": "^2.78.0-3.2.4",
        "@girs/graphene-1.0": "^1.0.0-3.2.4",
        "@girs/harfbuzz-0.0": "^8.2.1-3.2.4",
        "@girs/pango-1.0": "^1.51.0-3.2.4",
        "@girs/pangocairo-1.0": "^1.0.0-3.2.4"
      }
    },
    "node_modules/@girs/gsk-4.0/node_modules/@girs/gio-2.0": {
      "version": "2.78.0-3.2.4",
      "resolved": "https://registry.npmjs.org/@girs/gio-2.0/-/gio-2.0-2.78.0-3.2.4.tgz",
      "integrity": "sha512-mtK9dYi647I6Ht03i8xpP2FYhosY0YwaGLJxCKknXKSUgd4EtNNRePoDBvGcBT5HL8TjQIDYzP3aTW+xPKS+/g==",
      "dev": true,
      "dependencies": {
        "@girs/gjs": "^3.2.4",
        "@girs/glib-2.0": "^2.78.0-3.2.4",
        "@girs/gobject-2.0": "^2.78.0-3.2.4"
      }
    },
    "node_modules/@girs/gtk-4.0": {
      "version": "4.10.5-3.2.3",
      "resolved": "https://registry.npmjs.org/@girs/gtk-4.0/-/gtk-4.0-4.10.5-3.2.3.tgz",
      "integrity": "sha512-52Rb28wqE5++i8yaAJb1RQ9GgIACXVy82POEQTiFZD7y51zMCeyb2OgVUBbj2RndEUOZbuInhnT7vEw1M+7A5g==",
      "dev": true,
      "dependencies": {
        "@girs/cairo-1.0": "^1.0.0-3.2.3",
        "@girs/freetype2-2.0": "^2.0.0-3.2.3",
        "@girs/gdk-4.0": "^4.0.0-3.2.3",
        "@girs/gdkpixbuf-2.0": "^2.0.0-3.2.3",
        "@girs/gio-2.0": "^2.76.1-3.2.3",
        "@girs/gjs": "^3.2.3",
        "@girs/glib-2.0": "^2.76.1-3.2.3",
        "@girs/gmodule-2.0": "^2.0.0-3.2.3",
        "@girs/gobject-2.0": "^2.76.1-3.2.3",
        "@girs/graphene-1.0": "^1.0.0-3.2.3",
        "@girs/gsk-4.0": "^4.0.0-3.2.3",
        "@girs/harfbuzz-0.0": "^7.1.0-3.2.3",
        "@girs/pango-1.0": "^1.50.14-3.2.3",
        "@girs/pangocairo-1.0": "^1.0.0-3.2.3"
      }
    },
    "node_modules/@girs/gtk-4.0/node_modules/@girs/glib-2.0": {
      "version": "2.76.1-3.2.3",
      "resolved": "https://registry.npmjs.org/@girs/glib-2.0/-/glib-2.0-2.76.1-3.2.3.tgz",
      "integrity": "sha512-pY/ZE2WPco9E8Cz5+wTqxEOdVpipEQBRDJXVd/KQCoRjTSvgoMLLEE8B84W0LgOgR8ns99XtGZrf0U0y4qFqyA==",
      "dev": true,
      "dependencies": {
        "@girs/gjs": "^3.2.3",
        "@girs/gobject-2.0": "^2.76.1-3.2.3"
      }
    },
    "node_modules/@girs/gtk-4.0/node_modules/@girs/gobject-2.0": {
      "version": "2.76.1-3.2.3",
      "resolved": "https://registry.npmjs.org/@girs/gobject-2.0/-/gobject-2.0-2.76.1-3.2.3.tgz",
      "integrity": "sha512-9X35d1ZRO4xY9b0iOm51MwjfbgvOGQtNs2A9IWcSlaoI4LB5mCRlPlQ1UFhpqcbbmdrL+Cce/0p3F36x5rn/dg==",
      "dev": true,
      "dependencies": {
        "@girs/gjs": "^3.2.3",
        "@girs/glib-2.0": "^2.76.1-3.2.3"
      }
    },
    "node_modules/@girs/gtk-4.0/node_modules/@girs/harfbuzz-0.0": {
      "version": "7.1.0-3.2.3",
      "resolved": "https://registry.npmjs.org/@girs/harfbuzz-0.0/-/harfbuzz-0.0-7.1.0-3.2.3.tgz",
      "integrity": "sha512-z9fpiJBni97ioU2f1BIrfHCoTD2HDt0h2kaa0EL9n6DvzhntRXUc56cRRRohhXMyIwfUJmMOPuiqMFTI8kt4OQ==",
      "dev": true,
      "dependencies": {
        "@girs/freetype2-2.0": "^2.0.0-3.2.3",
        "@girs/gjs": "^3.2.3",
        "@girs/glib-2.0": "^2.76.1-3.2.3",
        "@girs/gobject-2.0": "^2.76.1-3.2.3"
      }
    },
    "node_modules/@girs/gtk-4.0/node_modules/@girs/pango-1.0": {
      "version": "1.50.14-3.2.3",
      "resolved": "https://registry.npmjs.org/@girs/pango-1.0/-/pango-1.0-1.50.14-3.2.3.tgz",
      "integrity": "sha512-MCiVij8ute3z70/K20/qiUStA+5tN3OWl7Zc8/Tda/dtFIEOs+eb8keJTkqXrRK7KxAn4q/iFD2SSCJT647ACA==",
      "dev": true,
      "dependencies": {
        "@girs/cairo-1.0": "^1.0.0-3.2.3",
        "@girs/freetype2-2.0": "^2.0.0-3.2.3",
        "@girs/gio-2.0": "^2.76.1-3.2.3",
        "@girs/gjs": "^3.2.3",
        "@girs/glib-2.0": "^2.76.1-3.2.3",
        "@girs/gobject-2.0": "^2.76.1-3.2.3",
        "@girs/harfbuzz-0.0": "^7.1.0-3.2.3"
      }
    },
    "node_modules/@girs/gvc-1.0": {
      "version": "1.0.0-3.2.4",
      "resolved": "https://registry.npmjs.org/@girs/gvc-1.0/-/gvc-1.0-1.0.0-3.2.4.tgz",
      "integrity": "sha512-Nx6lq3Olbw6EisA8srbpDM3F286kUFQu58K3tlAexYrDIe0MUpCYzOfQHtVjDEgX5uqPFytH70NwTuJEsnwcRg==",
      "dev": true,
      "dependencies": {
        "@girs/gio-2.0": "^2.78.0-3.2.4",
        "@girs/gjs": "^3.2.4",
        "@girs/glib-2.0": "^2.78.0-3.2.4",
        "@girs/gobject-2.0": "^2.78.0-3.2.4"
      }
    },
    "node_modules/@girs/gvc-1.0/node_modules/@girs/gio-2.0": {
      "version": "2.78.0-3.2.4",
      "resolved": "https://registry.npmjs.org/@girs/gio-2.0/-/gio-2.0-2.78.0-3.2.4.tgz",
      "integrity": "sha512-mtK9dYi647I6Ht03i8xpP2FYhosY0YwaGLJxCKknXKSUgd4EtNNRePoDBvGcBT5HL8TjQIDYzP3aTW+xPKS+/g==",
      "dev": true,
      "dependencies": {
        "@girs/gjs": "^3.2.4",
        "@girs/glib-2.0": "^2.78.0-3.2.4",
        "@girs/gobject-2.0": "^2.78.0-3.2.4"
      }
    },
    "node_modules/@girs/harfbuzz-0.0": {
      "version": "8.2.1-3.2.4",
      "resolved": "https://registry.npmjs.org/@girs/harfbuzz-0.0/-/harfbuzz-0.0-8.2.1-3.2.4.tgz",
      "integrity": "sha512-KYCByuXkCZg1NOO1SAP31ObkjxZXN8VYEEeqMJWwHiAB+PmaTL+HRABoRPei5XIUjlDtfDJG2vAJ+ooVeIehOg==",
      "dev": true,
      "dependencies": {
        "@girs/freetype2-2.0": "^2.0.0-3.2.4",
        "@girs/gjs": "^3.2.4",
        "@girs/glib-2.0": "^2.78.0-3.2.4",
        "@girs/gobject-2.0": "^2.78.0-3.2.4"
      }
    },
    "node_modules/@girs/json-1.0": {
      "version": "1.7.1-3.2.4",
      "resolved": "https://registry.npmjs.org/@girs/json-1.0/-/json-1.0-1.7.1-3.2.4.tgz",
      "integrity": "sha512-ES01jNWz1t/zVqf3aEwxrVG34ldw8ouXaPdYbvydyJqoZQ3Ud7lvZKw4qjLiucCVpbE8ZCNwtvUf4p7DYPKv0g==",
      "dev": true,
      "dependencies": {
        "@girs/gio-2.0": "^2.78.0-3.2.4",
        "@girs/gjs": "^3.2.4",
        "@girs/glib-2.0": "^2.78.0-3.2.4",
        "@girs/gobject-2.0": "^2.78.0-3.2.4"
      }
    },
    "node_modules/@girs/json-1.0/node_modules/@girs/gio-2.0": {
      "version": "2.78.0-3.2.4",
      "resolved": "https://registry.npmjs.org/@girs/gio-2.0/-/gio-2.0-2.78.0-3.2.4.tgz",
      "integrity": "sha512-mtK9dYi647I6Ht03i8xpP2FYhosY0YwaGLJxCKknXKSUgd4EtNNRePoDBvGcBT5HL8TjQIDYzP3aTW+xPKS+/g==",
      "dev": true,
      "dependencies": {
        "@girs/gjs": "^3.2.4",
        "@girs/glib-2.0": "^2.78.0-3.2.4",
        "@girs/gobject-2.0": "^2.78.0-3.2.4"
      }
    },
    "node_modules/@girs/meta-12": {
      "version": "12.0.0-3.2.4",
      "resolved": "https://registry.npmjs.org/@girs/meta-12/-/meta-12-12.0.0-3.2.4.tgz",
      "integrity": "sha512-gJ81kmH3QSp3YV+UFLTF0FTBlklZI/RIojYWAMwu6mAhnVS2LY+qGFli2idZDSijaeOzwzM6Kv54TY0lUw3Otw==",
      "dev": true,
      "dependencies": {
        "@girs/atk-1.0": "^2.50.0-3.2.4",
        "@girs/cairo-1.0": "^1.0.0-3.2.4",
        "@girs/clutter-12": "^12.0.0-3.2.4",
        "@girs/cogl-12": "^12.0.0-3.2.4",
        "@girs/coglpango-12": "^12.0.0-3.2.4",
        "@girs/freetype2-2.0": "^2.0.0-3.2.4",
        "@girs/gdesktopenums-3.0": "^3.0.0-3.2.4",
        "@girs/gio-2.0": "^2.78.0-3.2.4",
        "@girs/gjs": "^3.2.4",
        "@girs/gl-1.0": "^1.0.0-3.2.4",
        "@girs/glib-2.0": "^2.78.0-3.2.4",
        "@girs/gobject-2.0": "^2.78.0-3.2.4",
        "@girs/graphene-1.0": "^1.0.0-3.2.4",
        "@girs/harfbuzz-0.0": "^8.2.1-3.2.4",
        "@girs/json-1.0": "^1.7.1-3.2.4",
        "@girs/pango-1.0": "^1.51.0-3.2.4",
        "@girs/pangocairo-1.0": "^1.0.0-3.2.4",
        "@girs/xfixes-4.0": "^4.0.0-3.2.4",
        "@girs/xlib-2.0": "^2.0.0-3.2.4"
      }
    },
    "node_modules/@girs/meta-12/node_modules/@girs/atk-1.0": {
      "version": "2.50.0-3.2.4",
      "resolved": "https://registry.npmjs.org/@girs/atk-1.0/-/atk-1.0-2.50.0-3.2.4.tgz",
      "integrity": "sha512-eSzmaSo+L4LC2IIQuNlWDzZlhSWx3hy8kjoAUBbISfLwcmxyilPuguyK0tkDOt5ixYAWeg108ZvMrVR36bYK9A==",
      "dev": true,
      "dependencies": {
        "@girs/gjs": "^3.2.4",
        "@girs/glib-2.0": "^2.78.0-3.2.4",
        "@girs/gobject-2.0": "^2.78.0-3.2.4"
      }
    },
    "node_modules/@girs/meta-12/node_modules/@girs/gio-2.0": {
      "version": "2.78.0-3.2.4",
      "resolved": "https://registry.npmjs.org/@girs/gio-2.0/-/gio-2.0-2.78.0-3.2.4.tgz",
      "integrity": "sha512-mtK9dYi647I6Ht03i8xpP2FYhosY0YwaGLJxCKknXKSUgd4EtNNRePoDBvGcBT5HL8TjQIDYzP3aTW+xPKS+/g==",
      "dev": true,
      "dependencies": {
        "@girs/gjs": "^3.2.4",
        "@girs/glib-2.0": "^2.78.0-3.2.4",
        "@girs/gobject-2.0": "^2.78.0-3.2.4"
      }
    },
    "node_modules/@girs/nm-1.0": {
      "version": "1.45.1-3.2.4",
      "resolved": "https://registry.npmjs.org/@girs/nm-1.0/-/nm-1.0-1.45.1-3.2.4.tgz",
      "integrity": "sha512-TVoVtyXuC1osWn5iLgbaNqM7LUKHzwSdx4EVjz2LCOGzZiFLVADJ79BCH1LShFGqUZSwBybCF960JJx1rhUGmA==",
      "dev": true,
      "dependencies": {
        "@girs/gio-2.0": "^2.78.0-3.2.4",
        "@girs/gjs": "^3.2.4",
        "@girs/glib-2.0": "^2.78.0-3.2.4",
        "@girs/gobject-2.0": "^2.78.0-3.2.4"
      }
    },
    "node_modules/@girs/nm-1.0/node_modules/@girs/gio-2.0": {
      "version": "2.78.0-3.2.4",
      "resolved": "https://registry.npmjs.org/@girs/gio-2.0/-/gio-2.0-2.78.0-3.2.4.tgz",
      "integrity": "sha512-mtK9dYi647I6Ht03i8xpP2FYhosY0YwaGLJxCKknXKSUgd4EtNNRePoDBvGcBT5HL8TjQIDYzP3aTW+xPKS+/g==",
      "dev": true,
      "dependencies": {
        "@girs/gjs": "^3.2.4",
        "@girs/glib-2.0": "^2.78.0-3.2.4",
        "@girs/gobject-2.0": "^2.78.0-3.2.4"
      }
    },
    "node_modules/@girs/pango-1.0": {
      "version": "1.51.0-3.2.4",
      "resolved": "https://registry.npmjs.org/@girs/pango-1.0/-/pango-1.0-1.51.0-3.2.4.tgz",
      "integrity": "sha512-4V0I4Anvk1q+ecpYfTWQJ/ehAz7qYOyPb99oBkjUT008ejanqFRX/KYA/RjvITGTW+FUsHFHij4HozCq2cgwPg==",
      "dev": true,
      "dependencies": {
        "@girs/cairo-1.0": "^1.0.0-3.2.4",
        "@girs/freetype2-2.0": "^2.0.0-3.2.4",
        "@girs/gio-2.0": "^2.78.0-3.2.4",
        "@girs/gjs": "^3.2.4",
        "@girs/glib-2.0": "^2.78.0-3.2.4",
        "@girs/gobject-2.0": "^2.78.0-3.2.4",
        "@girs/harfbuzz-0.0": "^8.2.1-3.2.4"
      }
    },
    "node_modules/@girs/pango-1.0/node_modules/@girs/gio-2.0": {
      "version": "2.78.0-3.2.4",
      "resolved": "https://registry.npmjs.org/@girs/gio-2.0/-/gio-2.0-2.78.0-3.2.4.tgz",
      "integrity": "sha512-mtK9dYi647I6Ht03i8xpP2FYhosY0YwaGLJxCKknXKSUgd4EtNNRePoDBvGcBT5HL8TjQIDYzP3aTW+xPKS+/g==",
      "dev": true,
      "dependencies": {
        "@girs/gjs": "^3.2.4",
        "@girs/glib-2.0": "^2.78.0-3.2.4",
        "@girs/gobject-2.0": "^2.78.0-3.2.4"
      }
    },
    "node_modules/@girs/pangocairo-1.0": {
      "version": "1.0.0-3.2.4",
      "resolved": "https://registry.npmjs.org/@girs/pangocairo-1.0/-/pangocairo-1.0-1.0.0-3.2.4.tgz",
      "integrity": "sha512-Vyyx6m7vEWi6aAkb6sEWwj8hvovZNy3/YX19Gn9sVNHgmLQLgTXk/bX3MQJFpcgT/yozw0oy/LoBuI0UKBWFNA==",
      "dev": true,
      "dependencies": {
        "@girs/cairo-1.0": "^1.0.0-3.2.4",
        "@girs/freetype2-2.0": "^2.0.0-3.2.4",
        "@girs/gio-2.0": "^2.78.0-3.2.4",
        "@girs/gjs": "^3.2.4",
        "@girs/glib-2.0": "^2.78.0-3.2.4",
        "@girs/gobject-2.0": "^2.78.0-3.2.4",
        "@girs/harfbuzz-0.0": "^8.2.1-3.2.4",
        "@girs/pango-1.0": "^1.51.0-3.2.4"
      }
    },
    "node_modules/@girs/pangocairo-1.0/node_modules/@girs/gio-2.0": {
      "version": "2.78.0-3.2.4",
      "resolved": "https://registry.npmjs.org/@girs/gio-2.0/-/gio-2.0-2.78.0-3.2.4.tgz",
      "integrity": "sha512-mtK9dYi647I6Ht03i8xpP2FYhosY0YwaGLJxCKknXKSUgd4EtNNRePoDBvGcBT5HL8TjQIDYzP3aTW+xPKS+/g==",
      "dev": true,
      "dependencies": {
        "@girs/gjs": "^3.2.4",
        "@girs/glib-2.0": "^2.78.0-3.2.4",
        "@girs/gobject-2.0": "^2.78.0-3.2.4"
      }
    },
    "node_modules/@girs/polkit-1.0": {
      "version": "1.0.0-3.2.4",
      "resolved": "https://registry.npmjs.org/@girs/polkit-1.0/-/polkit-1.0-1.0.0-3.2.4.tgz",
      "integrity": "sha512-vK+2OH3/IQJ9xgnmEF5VPOmW0qfeJXDXVjFxPLbO0kQ2zRKiq9tTZSN8NacMgI3Kb65geqBRck6hT4SkcuIdOw==",
      "dev": true,
      "dependencies": {
        "@girs/gio-2.0": "^2.78.0-3.2.4",
        "@girs/gjs": "^3.2.4",
        "@girs/glib-2.0": "^2.78.0-3.2.4",
        "@girs/gobject-2.0": "^2.78.0-3.2.4"
      }
    },
    "node_modules/@girs/polkit-1.0/node_modules/@girs/gio-2.0": {
      "version": "2.78.0-3.2.4",
      "resolved": "https://registry.npmjs.org/@girs/gio-2.0/-/gio-2.0-2.78.0-3.2.4.tgz",
      "integrity": "sha512-mtK9dYi647I6Ht03i8xpP2FYhosY0YwaGLJxCKknXKSUgd4EtNNRePoDBvGcBT5HL8TjQIDYzP3aTW+xPKS+/g==",
      "dev": true,
      "dependencies": {
        "@girs/gjs": "^3.2.4",
        "@girs/glib-2.0": "^2.78.0-3.2.4",
        "@girs/gobject-2.0": "^2.78.0-3.2.4"
      }
    },
    "node_modules/@girs/polkitagent-1.0": {
      "version": "1.0.0-3.2.4",
      "resolved": "https://registry.npmjs.org/@girs/polkitagent-1.0/-/polkitagent-1.0-1.0.0-3.2.4.tgz",
      "integrity": "sha512-onaj0eS3w4ctSq9PJDdGBs4ypI9Y4NrwQM1S8/buHhD1C6b+C8/oX8IUOi1jG0wX0B60UmYAow1QxhijoyLWOQ==",
      "dev": true,
      "dependencies": {
        "@girs/gio-2.0": "^2.78.0-3.2.4",
        "@girs/gjs": "^3.2.4",
        "@girs/glib-2.0": "^2.78.0-3.2.4",
        "@girs/gobject-2.0": "^2.78.0-3.2.4",
        "@girs/polkit-1.0": "^1.0.0-3.2.4"
      }
    },
    "node_modules/@girs/polkitagent-1.0/node_modules/@girs/gio-2.0": {
      "version": "2.78.0-3.2.4",
      "resolved": "https://registry.npmjs.org/@girs/gio-2.0/-/gio-2.0-2.78.0-3.2.4.tgz",
      "integrity": "sha512-mtK9dYi647I6Ht03i8xpP2FYhosY0YwaGLJxCKknXKSUgd4EtNNRePoDBvGcBT5HL8TjQIDYzP3aTW+xPKS+/g==",
      "dev": true,
      "dependencies": {
        "@girs/gjs": "^3.2.4",
        "@girs/glib-2.0": "^2.78.0-3.2.4",
        "@girs/gobject-2.0": "^2.78.0-3.2.4"
      }
    },
    "node_modules/@girs/shell-12": {
      "version": "12.0.0-3.2.4",
      "resolved": "https://registry.npmjs.org/@girs/shell-12/-/shell-12-12.0.0-3.2.4.tgz",
      "integrity": "sha512-M0C5AyaAEz71YOgpbiUXAKGN5yLQokckjJlWq9UI9W/knnYI7Hhs0cSZeeAUTO56khkCgUbqZvLFdy/kCrKYhw==",
      "dev": true,
      "dependencies": {
        "@girs/atk-1.0": "^2.50.0-3.2.4",
        "@girs/cairo-1.0": "^1.0.0-3.2.4",
        "@girs/cally-12": "^12.0.0-3.2.4",
        "@girs/clutter-12": "^12.0.0-3.2.4",
        "@girs/cogl-12": "^12.0.0-3.2.4",
        "@girs/coglpango-12": "^12.0.0-3.2.4",
        "@girs/freetype2-2.0": "^2.0.0-3.2.4",
        "@girs/gck-2": "^4.1.0-3.2.4",
        "@girs/gcr-4": "^4.1.0-3.2.4",
        "@girs/gdesktopenums-3.0": "^3.0.0-3.2.4",
        "@girs/gdkpixbuf-2.0": "^2.0.0-3.2.4",
        "@girs/gio-2.0": "^2.78.0-3.2.4",
        "@girs/gjs": "^3.2.4",
        "@girs/gl-1.0": "^1.0.0-3.2.4",
        "@girs/glib-2.0": "^2.78.0-3.2.4",
        "@girs/gmodule-2.0": "^2.0.0-3.2.4",
        "@girs/gobject-2.0": "^2.78.0-3.2.4",
        "@girs/graphene-1.0": "^1.0.0-3.2.4",
        "@girs/gvc-1.0": "^1.0.0-3.2.4",
        "@girs/harfbuzz-0.0": "^8.2.1-3.2.4",
        "@girs/json-1.0": "^1.7.1-3.2.4",
        "@girs/meta-12": "^12.0.0-3.2.4",
        "@girs/nm-1.0": "^1.45.1-3.2.4",
        "@girs/pango-1.0": "^1.51.0-3.2.4",
        "@girs/pangocairo-1.0": "^1.0.0-3.2.4",
        "@girs/polkit-1.0": "^1.0.0-3.2.4",
        "@girs/polkitagent-1.0": "^1.0.0-3.2.4",
        "@girs/st-12": "^12.0.0-3.2.4",
        "@girs/xfixes-4.0": "^4.0.0-3.2.4",
        "@girs/xlib-2.0": "^2.0.0-3.2.4"
      }
    },
    "node_modules/@girs/shell-12/node_modules/@girs/atk-1.0": {
      "version": "2.50.0-3.2.4",
      "resolved": "https://registry.npmjs.org/@girs/atk-1.0/-/atk-1.0-2.50.0-3.2.4.tgz",
      "integrity": "sha512-eSzmaSo+L4LC2IIQuNlWDzZlhSWx3hy8kjoAUBbISfLwcmxyilPuguyK0tkDOt5ixYAWeg108ZvMrVR36bYK9A==",
      "dev": true,
      "dependencies": {
        "@girs/gjs": "^3.2.4",
        "@girs/glib-2.0": "^2.78.0-3.2.4",
        "@girs/gobject-2.0": "^2.78.0-3.2.4"
      }
    },
    "node_modules/@girs/shell-12/node_modules/@girs/gck-2": {
      "version": "4.1.0-3.2.4",
      "resolved": "https://registry.npmjs.org/@girs/gck-2/-/gck-2-4.1.0-3.2.4.tgz",
      "integrity": "sha512-xU8+isKdmaq72qq/4qLmXqpSo5TW7qsbOkuCjNZzTUEEQLTU88fsmGALmt91v33AdjqQHqCJJiSl7YlIhdNzWQ==",
      "dev": true,
      "dependencies": {
        "@girs/gio-2.0": "^2.78.0-3.2.4",
        "@girs/gjs": "^3.2.4",
        "@girs/glib-2.0": "^2.78.0-3.2.4",
        "@girs/gobject-2.0": "^2.78.0-3.2.4"
      }
    },
    "node_modules/@girs/shell-12/node_modules/@girs/gcr-4": {
      "version": "4.1.0-3.2.4",
      "resolved": "https://registry.npmjs.org/@girs/gcr-4/-/gcr-4-4.1.0-3.2.4.tgz",
      "integrity": "sha512-FTDDjo5k66Y894nB8OU1bvxlGRscxZSGuzM8imIZC/lmbh4mhYHd93vmY+rmJ04A19RfqsLgHbVTExbJnApgKQ==",
      "dev": true,
      "dependencies": {
        "@girs/gck-2": "^4.1.0-3.2.4",
        "@girs/gio-2.0": "^2.78.0-3.2.4",
        "@girs/gjs": "^3.2.4",
        "@girs/glib-2.0": "^2.78.0-3.2.4",
        "@girs/gobject-2.0": "^2.78.0-3.2.4"
      }
    },
    "node_modules/@girs/shell-12/node_modules/@girs/gio-2.0": {
      "version": "2.78.0-3.2.4",
      "resolved": "https://registry.npmjs.org/@girs/gio-2.0/-/gio-2.0-2.78.0-3.2.4.tgz",
      "integrity": "sha512-mtK9dYi647I6Ht03i8xpP2FYhosY0YwaGLJxCKknXKSUgd4EtNNRePoDBvGcBT5HL8TjQIDYzP3aTW+xPKS+/g==",
      "dev": true,
      "dependencies": {
        "@girs/gjs": "^3.2.4",
        "@girs/glib-2.0": "^2.78.0-3.2.4",
        "@girs/gobject-2.0": "^2.78.0-3.2.4"
      }
    },
    "node_modules/@girs/shew-0": {
      "version": "0.0.0-3.2.4",
      "resolved": "https://registry.npmjs.org/@girs/shew-0/-/shew-0-0.0.0-3.2.4.tgz",
      "integrity": "sha512-BX2L7wdf+wjm9xyodmUD8RtFdhH+Q9jAhVMAjS7jxfzw8KVYKaJ/6P3ZWZ8+pFxnm9ldV41ZEw+rJFgshHGmsg==",
      "dev": true,
      "dependencies": {
        "@girs/cairo-1.0": "^1.0.0-3.2.4",
        "@girs/freetype2-2.0": "^2.0.0-3.2.4",
        "@girs/gdk-4.0": "^4.0.0-3.2.4",
        "@girs/gdkpixbuf-2.0": "^2.0.0-3.2.4",
        "@girs/gio-2.0": "^2.78.0-3.2.4",
        "@girs/gjs": "^3.2.4",
        "@girs/glib-2.0": "^2.78.0-3.2.4",
        "@girs/gmodule-2.0": "^2.0.0-3.2.4",
        "@girs/gobject-2.0": "^2.78.0-3.2.4",
        "@girs/graphene-1.0": "^1.0.0-3.2.4",
        "@girs/gsk-4.0": "^4.0.0-3.2.4",
        "@girs/gtk-4.0": "^4.12.3-3.2.4",
        "@girs/harfbuzz-0.0": "^8.2.1-3.2.4",
        "@girs/pango-1.0": "^1.51.0-3.2.4",
        "@girs/pangocairo-1.0": "^1.0.0-3.2.4"
      }
    },
    "node_modules/@girs/shew-0/node_modules/@girs/gio-2.0": {
      "version": "2.78.0-3.2.4",
      "resolved": "https://registry.npmjs.org/@girs/gio-2.0/-/gio-2.0-2.78.0-3.2.4.tgz",
      "integrity": "sha512-mtK9dYi647I6Ht03i8xpP2FYhosY0YwaGLJxCKknXKSUgd4EtNNRePoDBvGcBT5HL8TjQIDYzP3aTW+xPKS+/g==",
      "dev": true,
      "dependencies": {
        "@girs/gjs": "^3.2.4",
        "@girs/glib-2.0": "^2.78.0-3.2.4",
        "@girs/gobject-2.0": "^2.78.0-3.2.4"
      }
    },
    "node_modules/@girs/shew-0/node_modules/@girs/gtk-4.0": {
      "version": "4.12.3-3.2.4",
      "resolved": "https://registry.npmjs.org/@girs/gtk-4.0/-/gtk-4.0-4.12.3-3.2.4.tgz",
      "integrity": "sha512-zj+dJe+cBanyl7gO6TDJ6g1yjam4QJkgNCDMPp4M0BdWCyDmAzrcuTZFPxoJBQugt43/Masw/rMq0r1gI15QGw==",
      "dev": true,
      "dependencies": {
        "@girs/cairo-1.0": "^1.0.0-3.2.4",
        "@girs/freetype2-2.0": "^2.0.0-3.2.4",
        "@girs/gdk-4.0": "^4.0.0-3.2.4",
        "@girs/gdkpixbuf-2.0": "^2.0.0-3.2.4",
        "@girs/gio-2.0": "^2.78.0-3.2.4",
        "@girs/gjs": "^3.2.4",
        "@girs/glib-2.0": "^2.78.0-3.2.4",
        "@girs/gmodule-2.0": "^2.0.0-3.2.4",
        "@girs/gobject-2.0": "^2.78.0-3.2.4",
        "@girs/graphene-1.0": "^1.0.0-3.2.4",
        "@girs/gsk-4.0": "^4.0.0-3.2.4",
        "@girs/harfbuzz-0.0": "^8.2.1-3.2.4",
        "@girs/pango-1.0": "^1.51.0-3.2.4",
        "@girs/pangocairo-1.0": "^1.0.0-3.2.4"
      }
    },
    "node_modules/@girs/st-12": {
      "version": "12.0.0-3.2.4",
      "resolved": "https://registry.npmjs.org/@girs/st-12/-/st-12-12.0.0-3.2.4.tgz",
      "integrity": "sha512-vjWcuecYovJBJJAVLm9goVgHE/XtStSe4ycEsHXsUPgN2ow53Ab3L2MbgSPUBdTtJ1CO8JYmQmI6d07WlLKFAg==",
      "dev": true,
      "dependencies": {
        "@girs/atk-1.0": "^2.50.0-3.2.4",
        "@girs/cairo-1.0": "^1.0.0-3.2.4",
        "@girs/cally-12": "^12.0.0-3.2.4",
        "@girs/clutter-12": "^12.0.0-3.2.4",
        "@girs/cogl-12": "^12.0.0-3.2.4",
        "@girs/coglpango-12": "^12.0.0-3.2.4",
        "@girs/freetype2-2.0": "^2.0.0-3.2.4",
        "@girs/gdesktopenums-3.0": "^3.0.0-3.2.4",
        "@girs/gdkpixbuf-2.0": "^2.0.0-3.2.4",
        "@girs/gio-2.0": "^2.78.0-3.2.4",
        "@girs/gjs": "^3.2.4",
        "@girs/gl-1.0": "^1.0.0-3.2.4",
        "@girs/glib-2.0": "^2.78.0-3.2.4",
        "@girs/gmodule-2.0": "^2.0.0-3.2.4",
        "@girs/gobject-2.0": "^2.78.0-3.2.4",
        "@girs/graphene-1.0": "^1.0.0-3.2.4",
        "@girs/harfbuzz-0.0": "^8.2.1-3.2.4",
        "@girs/json-1.0": "^1.7.1-3.2.4",
        "@girs/meta-12": "^12.0.0-3.2.4",
        "@girs/pango-1.0": "^1.51.0-3.2.4",
        "@girs/pangocairo-1.0": "^1.0.0-3.2.4",
        "@girs/xfixes-4.0": "^4.0.0-3.2.4",
        "@girs/xlib-2.0": "^2.0.0-3.2.4"
      }
    },
    "node_modules/@girs/st-12/node_modules/@girs/atk-1.0": {
      "version": "2.50.0-3.2.4",
      "resolved": "https://registry.npmjs.org/@girs/atk-1.0/-/atk-1.0-2.50.0-3.2.4.tgz",
      "integrity": "sha512-eSzmaSo+L4LC2IIQuNlWDzZlhSWx3hy8kjoAUBbISfLwcmxyilPuguyK0tkDOt5ixYAWeg108ZvMrVR36bYK9A==",
      "dev": true,
      "dependencies": {
        "@girs/gjs": "^3.2.4",
        "@girs/glib-2.0": "^2.78.0-3.2.4",
        "@girs/gobject-2.0": "^2.78.0-3.2.4"
      }
    },
    "node_modules/@girs/st-12/node_modules/@girs/gio-2.0": {
      "version": "2.78.0-3.2.4",
      "resolved": "https://registry.npmjs.org/@girs/gio-2.0/-/gio-2.0-2.78.0-3.2.4.tgz",
      "integrity": "sha512-mtK9dYi647I6Ht03i8xpP2FYhosY0YwaGLJxCKknXKSUgd4EtNNRePoDBvGcBT5HL8TjQIDYzP3aTW+xPKS+/g==",
      "dev": true,
      "dependencies": {
        "@girs/gjs": "^3.2.4",
        "@girs/glib-2.0": "^2.78.0-3.2.4",
        "@girs/gobject-2.0": "^2.78.0-3.2.4"
      }
    },
    "node_modules/@girs/xfixes-4.0": {
      "version": "4.0.0-3.2.4",
      "resolved": "https://registry.npmjs.org/@girs/xfixes-4.0/-/xfixes-4.0-4.0.0-3.2.4.tgz",
      "integrity": "sha512-3kzMFWq18k5Jh8Wu9+xDmXNZSfueAC6MmgssA1dqHSy7diMH0+kFWM5yealWVV4K/GXA+4f54bPG0Kws1yoVYA==",
      "dev": true,
      "dependencies": {
        "@girs/gjs": "^3.2.4",
        "@girs/gobject-2.0": "^2.78.0-3.2.4"
      }
    },
    "node_modules/@girs/xlib-2.0": {
      "version": "2.0.0-3.2.4",
      "resolved": "https://registry.npmjs.org/@girs/xlib-2.0/-/xlib-2.0-2.0.0-3.2.4.tgz",
      "integrity": "sha512-kgRAknR0SdvRbCD+HI4Q8Brvv/cd8Ss+19wjwmTfITf47eaJNOpS2+DMRKCJdQeAoG3+pDnuYRtZNljjGLGB3Q==",
      "dev": true,
      "dependencies": {
        "@girs/gjs": "^3.2.4",
        "@girs/gobject-2.0": "^2.78.0-3.2.4"
      }
    },
    "node_modules/@types/node": {
      "version": "18.18.9",
      "resolved": "https://registry.npmjs.org/@types/node/-/node-18.18.9.tgz",
      "integrity": "sha512-0f5klcuImLnG4Qreu9hPj/rEfFq6YRc5n2mAjSsH+ec/mJL+3voBH0+8T7o8RpFjH7ovc+TRsL/c7OYIQsPTfQ==",
      "dev": true,
      "dependencies": {
        "undici-types": "~5.26.4"
      }
    },
    "node_modules/adm-zip": {
      "version": "0.5.10",
      "resolved": "https://registry.npmjs.org/adm-zip/-/adm-zip-0.5.10.tgz",
      "integrity": "sha512-x0HvcHqVJNTPk/Bw8JbLWlWoo6Wwnsug0fnYYro1HBrjxZ3G7/AZk7Ahv8JwDe1uIcz8eBqvu86FuF1POiG7vQ==",
      "dev": true,
      "engines": {
        "node": ">=6.0"
      }
    },
    "node_modules/undici-types": {
      "version": "5.26.5",
      "resolved": "https://registry.npmjs.org/undici-types/-/undici-types-5.26.5.tgz",
      "integrity": "sha512-JlCMO+ehdEIKqlFxk6IfVoAUVmgz7cU7zD/h9XZ0qzeosSHmUJVOzSQvvYSYWXkFXC+IfLKSIffhv0sVZup6pA==",
      "dev": true
    }
  }
}
